
Microsoft Visual Studio Solution File, Format Version 12.00
# Visual Studio Version 17
VisualStudioVersion = 17.4.33103.184
MinimumVisualStudioVersion = 10.0.40219.1
Project("{9A19103F-16F7-4668-BE54-9A1E7A4F7556}") = "StromStotteKalkulator", "StromStotteKalkulator\StromStotteKalkulator.csproj", "{A8E86032-2954-49F1-BF57-E0E4A35C1029}"
EndProject
Project("{9A19103F-16F7-4668-BE54-9A1E7A4F7556}") = "StromStotteKalkulator.Test", "StromStotteKalkulator.Test\StromStotteKalkulator.Test.csproj", "{60E23503-EC56-491E-A35C-B3E3C0AFA373}"
EndProject
Global
	GlobalSection(SolutionConfigurationPlatforms) = preSolution
		Debug|Any CPU = Debug|Any CPU
		Release|Any CPU = Release|Any CPU
	EndGlobalSection
	GlobalSection(ProjectConfigurationPlatforms) = postSolution
		{A8E86032-2954-49F1-BF57-E0E4A35C1029}.Debug|Any CPU.ActiveCfg = Debug|Any CPU
		{A8E86032-2954-49F1-BF57-E0E4A35C1029}.Debug|Any CPU.Build.0 = Debug|Any CPU
		{A8E86032-2954-49F1-BF57-E0E4A35C1029}.Release|Any CPU.ActiveCfg = Release|Any CPU
		{A8E86032-2954-49F1-BF57-E0E4A35C1029}.Release|Any CPU.Build.0 = Release|Any CPU
		{60E23503-EC56-491E-A35C-B3E3C0AFA373}.Debug|Any CPU.ActiveCfg = Debug|Any CPU
		{60E23503-EC56-491E-A35C-B3E3C0AFA373}.Debug|Any CPU.Build.0 = Debug|Any CPU
		{60E23503-EC56-491E-A35C-B3E3C0AFA373}.Release|Any CPU.ActiveCfg = Release|Any CPU
		{60E23503-EC56-491E-A35C-B3E3C0AFA373}.Release|Any CPU.Build.0 = Release|Any CPU
	EndGlobalSection
	GlobalSection(SolutionProperties) = preSolution
		HideSolutionNode = FALSE
	EndGlobalSection
	GlobalSection(ExtensibilityGlobals) = postSolution
		SolutionGuid = {83569C25-0BAA-4A5F-8311-D2FA118DF529}
	EndGlobalSection
EndGlobal
